
Microsoft Visual Studio Solution File, Format Version 12.00
# Visual Studio 15
VisualStudioVersion = 15.0.26730.12
MinimumVisualStudioVersion = 10.0.40219.1
Project("{FAE04EC0-301F-11D3-BF4B-00C04F79EFBC}") = "Globalisation", "Globalisation.csproj", "{37795DC6-45C9-458C-A3A5-48DA6534C35C}"
EndProject
Global
	GlobalSection(SolutionConfigurationPlatforms) = preSolution
		Debug|Any CPU = Debug|Any CPU
		Release|Any CPU = Release|Any CPU
	EndGlobalSection
	GlobalSection(ProjectConfigurationPlatforms) = postSolution
		{37795DC6-45C9-458C-A3A5-48DA6534C35C}.Debug|Any CPU.ActiveCfg = Debug|Any CPU
		{37795DC6-45C9-458C-A3A5-48DA6534C35C}.Debug|Any CPU.Build.0 = Debug|Any CPU
		{37795DC6-45C9-458C-A3A5-48DA6534C35C}.Release|Any CPU.ActiveCfg = Release|Any CPU
		{37795DC6-45C9-458C-A3A5-48DA6534C35C}.Release|Any CPU.Build.0 = Release|Any CPU
	EndGlobalSection
	GlobalSection(SolutionProperties) = preSolution
		HideSolutionNode = FALSE
	EndGlobalSection
	GlobalSection(ExtensibilityGlobals) = postSolution
		SolutionGuid = {BEB21A8A-7B81-4636-A7E2-D0B1784AC691}
	EndGlobalSection
EndGlobal
